
Microsoft Visual Studio Solution File, Format Version 12.00
# Visual Studio Version 17
VisualStudioVersion = 17.2.32519.379
MinimumVisualStudioVersion = 10.0.40219.1
Project("{FAE04EC0-301F-11D3-BF4B-00C04F79EFBC}") = "TicTacToe", "TicTacToe\TicTacToe.csproj", "{B0176936-91B6-47B7-AA31-D8E26A5BCDE9}"
EndProject
Project("{FAE04EC0-301F-11D3-BF4B-00C04F79EFBC}") = "TicTacToeTest", "TicTacToeTest\TicTacToeTest.csproj", "{46F9C05D-B239-4D9D-B5A2-57B6F7E4740E}"
EndProject
Global
	GlobalSection(SolutionConfigurationPlatforms) = preSolution
		Debug|Any CPU = Debug|Any CPU
		Release|Any CPU = Release|Any CPU
	EndGlobalSection
	GlobalSection(ProjectConfigurationPlatforms) = postSolution
		{B0176936-91B6-47B7-AA31-D8E26A5BCDE9}.Debug|Any CPU.ActiveCfg = Debug|Any CPU
		{B0176936-91B6-47B7-AA31-D8E26A5BCDE9}.Debug|Any CPU.Build.0 = Debug|Any CPU
		{B0176936-91B6-47B7-AA31-D8E26A5BCDE9}.Release|Any CPU.ActiveCfg = Release|Any CPU
		{B0176936-91B6-47B7-AA31-D8E26A5BCDE9}.Release|Any CPU.Build.0 = Release|Any CPU
		{46F9C05D-B239-4D9D-B5A2-57B6F7E4740E}.Debug|Any CPU.ActiveCfg = Debug|Any CPU
		{46F9C05D-B239-4D9D-B5A2-57B6F7E4740E}.Debug|Any CPU.Build.0 = Debug|Any CPU
		{46F9C05D-B239-4D9D-B5A2-57B6F7E4740E}.Release|Any CPU.ActiveCfg = Release|Any CPU
		{46F9C05D-B239-4D9D-B5A2-57B6F7E4740E}.Release|Any CPU.Build.0 = Release|Any CPU
	EndGlobalSection
	GlobalSection(SolutionProperties) = preSolution
		HideSolutionNode = FALSE
	EndGlobalSection
	GlobalSection(ExtensibilityGlobals) = postSolution
		SolutionGuid = {743CCDEA-7698-4297-BF62-86EA8D48EC16}
	EndGlobalSection
EndGlobal
